
Microsoft Visual Studio Solution File, Format Version 12.00
# Visual Studio Version 17
VisualStudioVersion = 17.10.34928.147
MinimumVisualStudioVersion = 10.0.40219.1
Project("{FAE04EC0-301F-11D3-BF4B-00C04F79EFBC}") = "all_active_nodes", "all_active_nodes\all_active_nodes.csproj", "{8D9DA6D9-AD12-4637-A6A7-919E9ED922E7}"
EndProject
Global
	GlobalSection(SolutionConfigurationPlatforms) = preSolution
		Debug|Any CPU = Debug|Any CPU
		Release|Any CPU = Release|Any CPU
	EndGlobalSection
	GlobalSection(ProjectConfigurationPlatforms) = postSolution
		{8D9DA6D9-AD12-4637-A6A7-919E9ED922E7}.Debug|Any CPU.ActiveCfg = Debug|Any CPU
		{8D9DA6D9-AD12-4637-A6A7-919E9ED922E7}.Debug|Any CPU.Build.0 = Debug|Any CPU
		{8D9DA6D9-AD12-4637-A6A7-919E9ED922E7}.Release|Any CPU.ActiveCfg = Release|Any CPU
		{8D9DA6D9-AD12-4637-A6A7-919E9ED922E7}.Release|Any CPU.Build.0 = Release|Any CPU
	EndGlobalSection
	GlobalSection(SolutionProperties) = preSolution
		HideSolutionNode = FALSE
	EndGlobalSection
	GlobalSection(ExtensibilityGlobals) = postSolution
		SolutionGuid = {D61DA900-DBD5-4FA2-B3E9-701B5D652C39}
	EndGlobalSection
EndGlobal
