
Microsoft Visual Studio Solution File, Format Version 12.00
# Visual Studio Version 17
VisualStudioVersion = 17.10.34928.147
MinimumVisualStudioVersion = 10.0.40219.1
Project("{FAE04EC0-301F-11D3-BF4B-00C04F79EFBC}") = "NodeStructure", "NodeStructure\NodeStructure.csproj", "{642053F8-760B-4A83-920B-106887DFA7FA}"
EndProject
Global
	GlobalSection(SolutionConfigurationPlatforms) = preSolution
		Debug|Any CPU = Debug|Any CPU
		Release|Any CPU = Release|Any CPU
	EndGlobalSection
	GlobalSection(ProjectConfigurationPlatforms) = postSolution
		{642053F8-760B-4A83-920B-106887DFA7FA}.Debug|Any CPU.ActiveCfg = Debug|Any CPU
		{642053F8-760B-4A83-920B-106887DFA7FA}.Debug|Any CPU.Build.0 = Debug|Any CPU
		{642053F8-760B-4A83-920B-106887DFA7FA}.Release|Any CPU.ActiveCfg = Release|Any CPU
		{642053F8-760B-4A83-920B-106887DFA7FA}.Release|Any CPU.Build.0 = Release|Any CPU
	EndGlobalSection
	GlobalSection(SolutionProperties) = preSolution
		HideSolutionNode = FALSE
	EndGlobalSection
	GlobalSection(ExtensibilityGlobals) = postSolution
		SolutionGuid = {5F5BB027-417A-4CC7-8084-C88804BF9CCB}
	EndGlobalSection
EndGlobal
